// !$*UTF8*$!
{
	archiveVersion = 1;
	classes = {
	};
	objectVersion = 56;
	objects = {

/* Begin PBXBuildFile section */
		DBCA2D9729EFCFB9006183E6 /* HomeViewController.swift in Sources */ = {isa = PBXBuildFile; fileRef = DBCA2D9629EFCFB9006183E6 /* HomeViewController.swift */; };
		DBE2FC7729ED647F00F62227 /* AppDelegate.swift in Sources */ = {isa = PBXBuildFile; fileRef = DBE2FC7629ED647F00F62227 /* AppDelegate.swift */; };
		DBE2FC7929ED647F00F62227 /* SceneDelegate.swift in Sources */ = {isa = PBXBuildFile; fileRef = DBE2FC7829ED647F00F62227 /* SceneDelegate.swift */; };
		DBE2FC7B29ED647F00F62227 /* ViewController.swift in Sources */ = {isa = PBXBuildFile; fileRef = DBE2FC7A29ED647F00F62227 /* ViewController.swift */; };
		DBE2FC7E29ED647F00F62227 /* Main.storyboard in Resources */ = {isa = PBXBuildFile; fileRef = DBE2FC7C29ED647F00F62227 /* Main.storyboard */; };
		DBE2FC8029ED648000F62227 /* Assets.xcassets in Resources */ = {isa = PBXBuildFile; fileRef = DBE2FC7F29ED648000F62227 /* Assets.xcassets */; };
		DBE2FC8329ED648000F62227 /* LaunchScreen.storyboard in Resources */ = {isa = PBXBuildFile; fileRef = DBE2FC8129ED648000F62227 /* LaunchScreen.storyboard */; };
		DBE2FC8E29ED648000F62227 /* LoginPageTests.swift in Sources */ = {isa = PBXBuildFile; fileRef = DBE2FC8D29ED648000F62227 /* LoginPageTests.swift */; };
		DBE2FC9829ED648000F62227 /* LoginPageUITests.swift in Sources */ = {isa = PBXBuildFile; fileRef = DBE2FC9729ED648000F62227 /* LoginPageUITests.swift */; };
		DBE2FC9A29ED648000F62227 /* LoginPageUITestsLaunchTests.swift in Sources */ = {isa = PBXBuildFile; fileRef = DBE2FC9929ED648000F62227 /* LoginPageUITestsLaunchTests.swift */; };
/* End PBXBuildFile section */

/* Begin PBXContainerItemProxy section */
		DBE2FC8A29ED648000F62227 /* PBXContainerItemProxy */ = {
			isa = PBXContainerItemProxy;
			containerPortal = DBE2FC6B29ED647F00F62227 /* Project object */;
			proxyType = 1;
			remoteGlobalIDString = DBE2FC7229ED647F00F62227;
			remoteInfo = LoginPage;
		};
		DBE2FC9429ED648000F62227 /* PBXContainerItemProxy */ = {
			isa = PBXContainerItemProxy;
			containerPortal = DBE2FC6B29ED647F00F62227 /* Project object */;
			proxyType = 1;
			remoteGlobalIDString = DBE2FC7229ED647F00F62227;
			remoteInfo = LoginPage;
		};
/* End PBXContainerItemProxy section */

/* Begin PBXFileReference section */
		DBCA2D9629EFCFB9006183E6 /* HomeViewController.swift */ = {isa = PBXFileReference; lastKnownFileType = sourcecode.swift; path = HomeViewController.swift; sourceTree = "<group>"; };
		DBE2FC7329ED647F00F62227 /* LoginPage.app */ = {isa = PBXFileReference; explicitFileType = wrapper.application; includeInIndex = 0; path = LoginPage.app; sourceTree = BUILT_PRODUCTS_DIR; };
		DBE2FC7629ED647F00F62227 /* AppDelegate.swift */ = {isa = PBXFileReference; lastKnownFileType = sourcecode.swift; path = AppDelegate.swift; sourceTree = "<group>"; };
		DBE2FC7829ED647F00F62227 /* SceneDelegate.swift */ = {isa = PBXFileReference; lastKnownFileType = sourcecode.swift; path = SceneDelegate.swift; sourceTree = "<group>"; };
		DBE2FC7A29ED647F00F62227 /* ViewController.swift */ = {isa = PBXFileReference; lastKnownFileType = sourcecode.swift; path = ViewController.swift; sourceTree = "<group>"; };
		DBE2FC7D29ED647F00F62227 /* Base */ = {isa = PBXFileReference; lastKnownFileType = file.storyboard; name = Base; path = Base.lproj/Main.storyboard; sourceTree = "<group>"; };
		DBE2FC7F29ED648000F62227 /* Assets.xcassets */ = {isa = PBXFileReference; lastKnownFileType = folder.assetcatalog; path = Assets.xcassets; sourceTree = "<group>"; };
		DBE2FC8229ED648000F62227 /* Base */ = {isa = PBXFileReference; lastKnownFileType = file.storyboard; name = Base; path = Base.lproj/LaunchScreen.storyboard; sourceTree = "<group>"; };
		DBE2FC8429ED648000F62227 /* Info.plist */ = {isa = PBXFileReference; lastKnownFileType = text.plist.xml; path = Info.plist; sourceTree = "<group>"; };
		DBE2FC8929ED648000F62227 /* LoginPageTests.xctest */ = {isa = PBXFileReference; explicitFileType = wrapper.cfbundle; includeInIndex = 0; path = LoginPageTests.xctest; sourceTree = BUILT_PRODUCTS_DIR; };
		DBE2FC8D29ED648000F62227 /* LoginPageTests.swift */ = {isa = PBXFileReference; lastKnownFileType = sourcecode.swift; path = LoginPageTests.swift; sourceTree = "<group>"; };
		DBE2FC9329ED648000F62227 /* LoginPageUITests.xctest */ = {isa = PBXFileReference; explicitFileType = wrapper.cfbundle; includeInIndex = 0; path = LoginPageUITests.xctest; sourceTree = BUILT_PRODUCTS_DIR; };
		DBE2FC9729ED648000F62227 /* LoginPageUITests.swift */ = {isa = PBXFileReference; lastKnownFileType = sourcecode.swift; path = LoginPageUITests.swift; sourceTree = "<group>"; };
		DBE2FC9929ED648000F62227 /* LoginPageUITestsLaunchTests.swift */ = {isa = PBXFileReference; lastKnownFileType = sourcecode.swift; path = LoginPageUITestsLaunchTests.swift; sourceTree = "<group>"; };
/* End PBXFileReference section */

/* Begin PBXFrameworksBuildPhase section */
		DBE2FC7029ED647F00F62227 /* Frameworks */ = {
			isa = PBXFrameworksBuildPhase;
			buildActionMask = 2147483647;
			files = (
			);
			runOnlyForDeploymentPostprocessing = 0;
		};
		DBE2FC8629ED648000F62227 /* Frameworks */ = {
			isa = PBXFrameworksBuildPhase;
			buildActionMask = 2147483647;
			files = (
			);
			runOnlyForDeploymentPostprocessing = 0;
		};
		DBE2FC9029ED648000F62227 /* Frameworks */ = {
			isa = PBXFrameworksBuildPhase;
			buildActionMask = 2147483647;
			files = (
			);
			runOnlyForDeploymentPostprocessing = 0;
		};
/* End PBXFrameworksBuildPhase section */

/* Begin PBXGroup section */
		DBE2FC6A29ED647F00F62227 = {
			isa = PBXGroup;
			children = (
				DBE2FC7529ED647F00F62227 /* LoginPage */,
				DBE2FC8C29ED648000F62227 /* LoginPageTests */,
				DBE2FC9629ED648000F62227 /* LoginPageUITests */,
				DBE2FC7429ED647F00F62227 /* Products */,
			);
			sourceTree = "<group>";
		};
		DBE2FC7429ED647F00F62227 /* Products */ = {
			isa = PBXGroup;
			children = (
				DBE2FC7329ED647F00F62227 /* LoginPage.app */,
				DBE2FC8929ED648000F62227 /* LoginPageTests.xctest */,
				DBE2FC9329ED648000F62227 /* LoginPageUITests.xctest */,
			);
			name = Products;
			sourceTree = "<group>";
		};
		DBE2FC7529ED647F00F62227 /* LoginPage */ = {
			isa = PBXGroup;
			children = (
				DBE2FC7629ED647F00F62227 /* AppDelegate.swift */,
				DBE2FC7829ED647F00F62227 /* SceneDelegate.swift */,
				DBE2FC7A29ED647F00F62227 /* ViewController.swift */,
				DBCA2D9629EFCFB9006183E6 /* HomeViewController.swift */,
				DBE2FC7C29ED647F00F62227 /* Main.storyboard */,
				DBE2FC7F29ED648000F62227 /* Assets.xcassets */,
				DBE2FC8129ED648000F62227 /* LaunchScreen.storyboard */,
				DBE2FC8429ED648000F62227 /* Info.plist */,
			);
			path = LoginPage;
			sourceTree = "<group>";
		};
		DBE2FC8C29ED648000F62227 /* LoginPageTests */ = {
			isa = PBXGroup;
			children = (
				DBE2FC8D29ED648000F62227 /* LoginPageTests.swift */,
			);
			path = LoginPageTests;
			sourceTree = "<group>";
		};
		DBE2FC9629ED648000F62227 /* LoginPageUITests */ = {
			isa = PBXGroup;
			children = (
				DBE2FC9729ED648000F62227 /* LoginPageUITests.swift */,
				DBE2FC9929ED648000F62227 /* LoginPageUITestsLaunchTests.swift */,
			);
			path = LoginPageUITests;
			sourceTree = "<group>";
		};
/* End PBXGroup section */

/* Begin PBXNativeTarget section */
		DBE2FC7229ED647F00F62227 /* LoginPage */ = {
			isa = PBXNativeTarget;
			buildConfigurationList = DBE2FC9D29ED648000F62227 /* Build configuration list for PBXNativeTarget "LoginPage" */;
			buildPhases = (
				DBE2FC6F29ED647F00F62227 /* Sources */,
				DBE2FC7029ED647F00F62227 /* Frameworks */,
				DBE2FC7129ED647F00F62227 /* Resources */,
			);
			buildRules = (
			);
			dependencies = (
			);
			name = LoginPage;
			productName = LoginPage;
			productReference = DBE2FC7329ED647F00F62227 /* LoginPage.app */;
			productType = "com.apple.product-type.application";
		};
		DBE2FC8829ED648000F62227 /* LoginPageTests */ = {
			isa = PBXNativeTarget;
			buildConfigurationList = DBE2FCA029ED648000F62227 /* Build configuration list for PBXNativeTarget "LoginPageTests" */;
			buildPhases = (
				DBE2FC8529ED648000F62227 /* Sources */,
				DBE2FC8629ED648000F62227 /* Frameworks */,
				DBE2FC8729ED648000F62227 /* Resources */,
			);
			buildRules = (
			);
			dependencies = (
				DBE2FC8B29ED648000F62227 /* PBXTargetDependency */,
			);
			name = LoginPageTests;
			productName = LoginPageTests;
			productReference = DBE2FC8929ED648000F62227 /* LoginPageTests.xctest */;
			productType = "com.apple.product-type.bundle.unit-test";
		};
		DBE2FC9229ED648000F62227 /* LoginPageUITests */ = {
			isa = PBXNativeTarget;
			buildConfigurationList = DBE2FCA329ED648000F62227 /* Build configuration list for PBXNativeTarget "LoginPageUITests" */;
			buildPhases = (
				DBE2FC8F29ED648000F62227 /* Sources */,
				DBE2FC9029ED648000F62227 /* Frameworks */,
				DBE2FC9129ED648000F62227 /* Resources */,
			);
			buildRules = (
			);
			dependencies = (
				DBE2FC9529ED648000F62227 /* PBXTargetDependency */,
			);
			name = LoginPageUITests;
			productName = LoginPageUITests;
			productReference = DBE2FC9329ED648000F62227 /* LoginPageUITests.xctest */;
			productType = "com.apple.product-type.bundle.ui-testing";
		};
/* End PBXNativeTarget section */

/* Begin PBXProject section */
		DBE2FC6B29ED647F00F62227 /* Project object */ = {
			isa = PBXProject;
			attributes = {
				BuildIndependentTargetsInParallel = 1;
				LastSwiftUpdateCheck = 1430;
				LastUpgradeCheck = 1430;
				TargetAttributes = {
					DBE2FC7229ED647F00F62227 = {
						CreatedOnToolsVersion = 14.3;
					};
					DBE2FC8829ED648000F62227 = {
						CreatedOnToolsVersion = 14.3;
						TestTargetID = DBE2FC7229ED647F00F62227;
					};
					DBE2FC9229ED648000F62227 = {
						CreatedOnToolsVersion = 14.3;
						TestTargetID = DBE2FC7229ED647F00F62227;
					};
				};
			};
			buildConfigurationList = DBE2FC6E29ED647F00F62227 /* Build configuration list for PBXProject "LoginPage" */;
			compatibilityVersion = "Xcode 14.0";
			developmentRegion = en;
			hasScannedForEncodings = 0;
			knownRegions = (
				en,
				Base,
			);
			mainGroup = DBE2FC6A29ED647F00F62227;
			productRefGroup = DBE2FC7429ED647F00F62227 /* Products */;
			projectDirPath = "";
			projectRoot = "";
			targets = (
				DBE2FC7229ED647F00F62227 /* LoginPage */,
				DBE2FC8829ED648000F62227 /* LoginPageTests */,
				DBE2FC9229ED648000F62227 /* LoginPageUITests */,
			);
		};
/* End PBXProject section */

/* Begin PBXResourcesBuildPhase section */
		DBE2FC7129ED647F00F62227 /* Resources */ = {
			isa = PBXResourcesBuildPhase;
			buildActionMask = 2147483647;
			files = (
				DBE2FC8329ED648000F62227 /* LaunchScreen.storyboard in Resources */,
				DBE2FC8029ED648000F62227 /* Assets.xcassets in Resources */,
				DBE2FC7E29ED647F00F62227 /* Main.storyboard in Resources */,
			);
			runOnlyForDeploymentPostprocessing = 0;
		};
		DBE2FC8729ED648000F62227 /* Resources */ = {
			isa = PBXResourcesBuildPhase;
			buildActionMask = 2147483647;
			files = (
			);
			runOnlyForDeploymentPostprocessing = 0;
		};
		DBE2FC9129ED648000F62227 /* Resources */ = {
			isa = PBXResourcesBuildPhase;
			buildActionMask = 2147483647;
			files = (
			);
			runOnlyForDeploymentPostprocessing = 0;
		};
/* End PBXResourcesBuildPhase section */

/* Begin PBXSourcesBuildPhase section */
		DBE2FC6F29ED647F00F62227 /* Sources */ = {
			isa = PBXSourcesBuildPhase;
			buildActionMask = 2147483647;
			files = (
				DBE2FC7B29ED647F00F62227 /* ViewController.swift in Sources */,
				DBE2FC7729ED647F00F62227 /* AppDelegate.swift in Sources */,
				DBE2FC7929ED647F00F62227 /* SceneDelegate.swift in Sources */,
				DBCA2D9729EFCFB9006183E6 /* HomeViewController.swift in Sources */,
			);
			runOnlyForDeploymentPostprocessing = 0;
		};
		DBE2FC8529ED648000F62227 /* Sources */ = {
			isa = PBXSourcesBuildPhase;
			buildActionMask = 2147483647;
			files = (
				DBE2FC8E29ED648000F62227 /* LoginPageTests.swift in Sources */,
			);
			runOnlyForDeploymentPostprocessing = 0;
		};
		DBE2FC8F29ED648000F62227 /* Sources */ = {
			isa = PBXSourcesBuildPhase;
			buildActionMask = 2147483647;
			files = (
				DBE2FC9829ED648000F62227 /* LoginPageUITests.swift in Sources */,
				DBE2FC9A29ED648000F62227 /* LoginPageUITestsLaunchTests.swift in Sources */,
			);
			runOnlyForDeploymentPostprocessing = 0;
		};
/* End PBXSourcesBuildPhase section */

/* Begin PBXTargetDependency section */
		DBE2FC8B29ED648000F62227 /* PBXTargetDependency */ = {
			isa = PBXTargetDependency;
			target = DBE2FC7229ED647F00F62227 /* LoginPage */;
			targetProxy = DBE2FC8A29ED648000F62227 /* PBXContainerItemProxy */;
		};
		DBE2FC9529ED648000F62227 /* PBXTargetDependency */ = {
			isa = PBXTargetDependency;
			target = DBE2FC7229ED647F00F62227 /* LoginPage */;
			targetProxy = DBE2FC9429ED648000F62227 /* PBXContainerItemProxy */;
		};
/* End PBXTargetDependency section */

/* Begin PBXVariantGroup section */
		DBE2FC7C29ED647F00F62227 /* Main.storyboard */ = {
			isa = PBXVariantGroup;
			children = (
				DBE2FC7D29ED647F00F62227 /* Base */,
			);
			name = Main.storyboard;
			sourceTree = "<group>";
		};
		DBE2FC8129ED648000F62227 /* LaunchScreen.storyboard */ = {
			isa = PBXVariantGroup;
			children = (
				DBE2FC8229ED648000F62227 /* Base */,
			);
			name = LaunchScreen.storyboard;
			sourceTree = "<group>";
		};
/* End PBXVariantGroup section */

/* Begin XCBuildConfiguration section */
		DBE2FC9B29ED648000F62227 /* Debug */ = {
			isa = XCBuildConfiguration;
			buildSettings = {
				ALWAYS_SEARCH_USER_PATHS = NO;
				CLANG_ANALYZER_NONNULL = YES;
				CLANG_ANALYZER_NUMBER_OBJECT_CONVERSION = YES_AGGRESSIVE;
				CLANG_CXX_LANGUAGE_STANDARD = "gnu++20";
				CLANG_ENABLE_MODULES = YES;
				CLANG_ENABLE_OBJC_ARC = YES;
				CLANG_ENABLE_OBJC_WEAK = YES;
				CLANG_WARN_BLOCK_CAPTURE_AUTORELEASING = YES;
				CLANG_WARN_BOOL_CONVERSION = YES;
				CLANG_WARN_COMMA = YES;
				CLANG_WARN_CONSTANT_CONVERSION = YES;
				CLANG_WARN_DEPRECATED_OBJC_IMPLEMENTATIONS = YES;
				CLANG_WARN_DIRECT_OBJC_ISA_USAGE = YES_ERROR;
				CLANG_WARN_DOCUMENTATION_COMMENTS = YES;
				CLANG_WARN_EMPTY_BODY = YES;
				CLANG_WARN_ENUM_CONVERSION = YES;
				CLANG_WARN_INFINITE_RECURSION = YES;
				CLANG_WARN_INT_CONVERSION = YES;
				CLANG_WARN_NON_LITERAL_NULL_CONVERSION = YES;
				CLANG_WARN_OBJC_IMPLICIT_RETAIN_SELF = YES;
				CLANG_WARN_OBJC_LITERAL_CONVERSION = YES;
				CLANG_WARN_OBJC_ROOT_CLASS = YES_ERROR;
				CLANG_WARN_QUOTED_INCLUDE_IN_FRAMEWORK_HEADER = YES;
				CLANG_WARN_RANGE_LOOP_ANALYSIS = YES;
				CLANG_WARN_STRICT_PROTOTYPES = YES;
				CLANG_WARN_SUSPICIOUS_MOVE = YES;
				CLANG_WARN_UNGUARDED_AVAILABILITY = YES_AGGRESSIVE;
				CLANG_WARN_UNREACHABLE_CODE = YES;
				CLANG_WARN__DUPLICATE_METHOD_MATCH = YES;
				COPY_PHASE_STRIP = NO;
				DEBUG_INFORMATION_FORMAT = dwarf;
				ENABLE_STRICT_OBJC_MSGSEND = YES;
				ENABLE_TESTABILITY = YES;
				GCC_C_LANGUAGE_STANDARD = gnu11;
				GCC_DYNAMIC_NO_PIC = NO;
				GCC_NO_COMMON_BLOCKS = YES;
				GCC_OPTIMIZATION_LEVEL = 0;
				GCC_PREPROCESSOR_DEFINITIONS = (
					"DEBUG=1",
					"$(inherited)",
				);
				GCC_WARN_64_TO_32_BIT_CONVERSION = YES;
				GCC_WARN_ABOUT_RETURN_TYPE = YES_ERROR;
				GCC_WARN_UNDECLARED_SELECTOR = YES;
				GCC_WARN_UNINITIALIZED_AUTOS = YES_AGGRESSIVE;
				GCC_WARN_UNUSED_FUNCTION = YES;
				GCC_WARN_UNUSED_VARIABLE = YES;
				IPHONEOS_DEPLOYMENT_TARGET = 16.4;
				MTL_ENABLE_DEBUG_INFO = INCLUDE_SOURCE;
				MTL_FAST_MATH = YES;
				ONLY_ACTIVE_ARCH = YES;
				SDKROOT = iphoneos;
				SWIFT_ACTIVE_COMPILATION_CONDITIONS = DEBUG;
				SWIFT_OPTIMIZATION_LEVEL = "-Onone";
			};
			name = Debug;
		};
		DBE2FC9C29ED648000F62227 /* Release */ = {
			isa = XCBuildConfiguration;
			buildSettings = {
				ALWAYS_SEARCH_USER_PATHS = NO;
				CLANG_ANALYZER_NONNULL = YES;
				CLANG_ANALYZER_NUMBER_OBJECT_CONVERSION = YES_AGGRESSIVE;
				CLANG_CXX_LANGUAGE_STANDARD = "gnu++20";
				CLANG_ENABLE_MODULES = YES;
				CLANG_ENABLE_OBJC_ARC = YES;
				CLANG_ENABLE_OBJC_WEAK = YES;
				CLANG_WARN_BLOCK_CAPTURE_AUTORELEASING = YES;
				CLANG_WARN_BOOL_CONVERSION = YES;
				CLANG_WARN_COMMA = YES;
				CLANG_WARN_CONSTANT_CONVERSION = YES;
				CLANG_WARN_DEPRECATED_OBJC_IMPLEMENTATIONS = YES;
				CLANG_WARN_DIRECT_OBJC_ISA_USAGE = YES_ERROR;
				CLANG_WARN_DOCUMENTATION_COMMENTS = YES;
				CLANG_WARN_EMPTY_BODY = YES;
				CLANG_WARN_ENUM_CONVERSION = YES;
				CLANG_WARN_INFINITE_RECURSION = YES;
				CLANG_WARN_INT_CONVERSION = YES;
				CLANG_WARN_NON_LITERAL_NULL_CONVERSION = YES;
				CLANG_WARN_OBJC_IMPLICIT_RETAIN_SELF = YES;
				CLANG_WARN_OBJC_LITERAL_CONVERSION = YES;
				CLANG_WARN_OBJC_ROOT_CLASS = YES_ERROR;
				CLANG_WARN_QUOTED_INCLUDE_IN_FRAMEWORK_HEADER = YES;
				CLANG_WARN_RANGE_LOOP_ANALYSIS = YES;
				CLANG_WARN_STRICT_PROTOTYPES = YES;
				CLANG_WARN_SUSPICIOUS_MOVE = YES;
				CLANG_WARN_UNGUARDED_AVAILABILITY = YES_AGGRESSIVE;
				CLANG_WARN_UNREACHABLE_CODE = YES;
				CLANG_WARN__DUPLICATE_METHOD_MATCH = YES;
				COPY_PHASE_STRIP = NO;
				DEBUG_INFORMATION_FORMAT = "dwarf-with-dsym";
				ENABLE_NS_ASSERTIONS = NO;
				ENABLE_STRICT_OBJC_MSGSEND = YES;
				GCC_C_LANGUAGE_STANDARD = gnu11;
				GCC_NO_COMMON_BLOCKS = YES;
				GCC_WARN_64_TO_32_BIT_CONVERSION = YES;
				GCC_WARN_ABOUT_RETURN_TYPE = YES_ERROR;
				GCC_WARN_UNDECLARED_SELECTOR = YES;
				GCC_WARN_UNINITIALIZED_AUTOS = YES_AGGRESSIVE;
				GCC_WARN_UNUSED_FUNCTION = YES;
				GCC_WARN_UNUSED_VARIABLE = YES;
				IPHONEOS_DEPLOYMENT_TARGET = 16.4;
				MTL_ENABLE_DEBUG_INFO = NO;
				MTL_FAST_MATH = YES;
				SDKROOT = iphoneos;
				SWIFT_COMPILATION_MODE = wholemodule;
				SWIFT_OPTIMIZATION_LEVEL = "-O";
				VALIDATE_PRODUCT = YES;
			};
			name = Release;
		};
		DBE2FC9E29ED648000F62227 /* Debug */ = {
			isa = XCBuildConfiguration;
			buildSettings = {
				ASSETCATALOG_COMPILER_APPICON_NAME = AppIcon;
				ASSETCATALOG_COMPILER_GLOBAL_ACCENT_COLOR_NAME = AccentColor;
				CODE_SIGN_STYLE = Automatic;
				CURRENT_PROJECT_VERSION = 1;
				GENERATE_INFOPLIST_FILE = YES;
				INFOPLIST_FILE = LoginPage/Info.plist;
				INFOPLIST_KEY_UIApplicationSupportsIndirectInputEvents = YES;
				INFOPLIST_KEY_UILaunchStoryboardName = LaunchScreen;
				INFOPLIST_KEY_UIMainStoryboardFile = Main;
				INFOPLIST_KEY_UISupportedInterfaceOrientations_iPad = "UIInterfaceOrientationPortrait UIInterfaceOrientationPortraitUpsideDown UIInterfaceOrientationLandscapeLeft UIInterfaceOrientationLandscapeRight";
				INFOPLIST_KEY_UISupportedInterfaceOrientations_iPhone = "UIInterfaceOrientationPortrait UIInterfaceOrientationLandscapeLeft UIInterfaceOrientationLandscapeRight";
				LD_RUNPATH_SEARCH_PATHS = (
					"$(inherited)",
					"@executable_path/Frameworks",
				);
				MARKETING_VERSION = 1.0;
				PRODUCT_BUNDLE_IDENTIFIER = "Test-1.LoginPage";
				PRODUCT_NAME = "$(TARGET_NAME)";
				SUPPORTED_PLATFORMS = "iphoneos iphonesimulator";
				SUPPORTS_MACCATALYST = NO;
				SUPPORTS_MAC_DESIGNED_FOR_IPHONE_IPAD = NO;
				SWIFT_EMIT_LOC_STRINGS = YES;
				SWIFT_VERSION = 5.0;
				TARGETED_DEVICE_FAMILY = "1,2";
			};
			name = Debug;
		};
		DBE2FC9F29ED648000F62227 /* Release */ = {
			isa = XCBuildConfiguration;
			buildSettings = {
				ASSETCATALOG_COMPILER_APPICON_NAME = AppIcon;
				ASSETCATALOG_COMPILER_GLOBAL_ACCENT_COLOR_NAME = AccentColor;
				CODE_SIGN_STYLE = Automatic;
				CURRENT_PROJECT_VERSION = 1;
				GENERATE_INFOPLIST_FILE = YES;
				INFOPLIST_FILE = LoginPage/Info.plist;
				INFOPLIST_KEY_UIApplicationSupportsIndirectInputEvents = YES;
				INFOPLIST_KEY_UILaunchStoryboardName = LaunchScreen;
				INFOPLIST_KEY_UIMainStoryboardFile = Main;
				INFOPLIST_KEY_UISupportedInterfaceOrientations_iPad = "UIInterfaceOrientationPortrait UIInterfaceOrientationPortraitUpsideDown UIInterfaceOrientationLandscapeLeft UIInterfaceOrientationLandscapeRight";
				INFOPLIST_KEY_UISupportedInterfaceOrientations_iPhone = "UIInterfaceOrientationPortrait UIInterfaceOrientationLandscapeLeft UIInterfaceOrientationLandscapeRight";
				LD_RUNPATH_SEARCH_PATHS = (
					"$(inherited)",
					"@executable_path/Frameworks",
				);
				MARKETING_VERSION = 1.0;
				PRODUCT_BUNDLE_IDENTIFIER = "Test-1.LoginPage";
				PRODUCT_NAME = "$(TARGET_NAME)";
				SUPPORTED_PLATFORMS = "iphoneos iphonesimulator";
				SUPPORTS_MACCATALYST = NO;
				SUPPORTS_MAC_DESIGNED_FOR_IPHONE_IPAD = NO;
				SWIFT_EMIT_LOC_STRINGS = YES;
				SWIFT_VERSION = 5.0;
				TARGETED_DEVICE_FAMILY = "1,2";
			};
			name = Release;
		};
		DBE2FCA129ED648000F62227 /* Debug */ = {
			isa = XCBuildConfiguration;
			buildSettings = {
				ALWAYS_EMBED_SWIFT_STANDARD_LIBRARIES = YES;
				BUNDLE_LOADER = "$(TEST_HOST)";
				CODE_SIGN_STYLE = Automatic;
				CURRENT_PROJECT_VERSION = 1;
				GENERATE_INFOPLIST_FILE = YES;
				IPHONEOS_DEPLOYMENT_TARGET = 16.4;
				MARKETING_VERSION = 1.0;
				PRODUCT_BUNDLE_IDENTIFIER = "Test-1.LoginPageTests";
				PRODUCT_NAME = "$(TARGET_NAME)";
				SWIFT_EMIT_LOC_STRINGS = NO;
				SWIFT_VERSION = 5.0;
				TARGETED_DEVICE_FAMILY = "1,2";
				TEST_HOST = "$(BUILT_PRODUCTS_DIR)/LoginPage.app/$(BUNDLE_EXECUTABLE_FOLDER_PATH)/LoginPage";
			};
			name = Debug;
		};
		DBE2FCA229ED648000F62227 /* Release */ = {
			isa = XCBuildConfiguration;
			buildSettings = {
				ALWAYS_EMBED_SWIFT_STANDARD_LIBRARIES = YES;
				BUNDLE_LOADER = "$(TEST_HOST)";
				CODE_SIGN_STYLE = Automatic;
				CURRENT_PROJECT_VERSION = 1;
				GENERATE_INFOPLIST_FILE = YES;
				IPHONEOS_DEPLOYMENT_TARGET = 16.4;
				MARKETING_VERSION = 1.0;
				PRODUCT_BUNDLE_IDENTIFIER = "Test-1.LoginPageTests";
				PRODUCT_NAME = "$(TARGET_NAME)";
				SWIFT_EMIT_LOC_STRINGS = NO;
				SWIFT_VERSION = 5.0;
				TARGETED_DEVICE_FAMILY = "1,2";
				TEST_HOST = "$(BUILT_PRODUCTS_DIR)/LoginPage.app/$(BUNDLE_EXECUTABLE_FOLDER_PATH)/LoginPage";
			};
			name = Release;
		};
		DBE2FCA429ED648000F62227 /* Debug */ = {
			isa = XCBuildConfiguration;
			buildSettings = {
				ALWAYS_EMBED_SWIFT_STANDARD_LIBRARIES = YES;
				CODE_SIGN_STYLE = Automatic;
				CURRENT_PROJECT_VERSION = 1;
				GENERATE_INFOPLIST_FILE = YES;
				MARKETING_VERSION = 1.0;
				PRODUCT_BUNDLE_IDENTIFIER = "Test-1.LoginPageUITests";
				PRODUCT_NAME = "$(TARGET_NAME)";
				SWIFT_EMIT_LOC_STRINGS = NO;
				SWIFT_VERSION = 5.0;
				TARGETED_DEVICE_FAMILY = "1,2";
				TEST_TARGET_NAME = LoginPage;
			};
			name = Debug;
		};
		DBE2FCA529ED648000F62227 /* Release */ = {
			isa = XCBuildConfiguration;
			buildSettings = {
				ALWAYS_EMBED_SWIFT_STANDARD_LIBRARIES = YES;
				CODE_SIGN_STYLE = Automatic;
				CURRENT_PROJECT_VERSION = 1;
				GENERATE_INFOPLIST_FILE = YES;
				MARKETING_VERSION = 1.0;
				PRODUCT_BUNDLE_IDENTIFIER = "Test-1.LoginPageUITests";
				PRODUCT_NAME = "$(TARGET_NAME)";
				SWIFT_EMIT_LOC_STRINGS = NO;
				SWIFT_VERSION = 5.0;
				TARGETED_DEVICE_FAMILY = "1,2";
				TEST_TARGET_NAME = LoginPage;
			};
			name = Release;
		};
/* End XCBuildConfiguration section */

/* Begin XCConfigurationList section */
		DBE2FC6E29ED647F00F62227 /* Build configuration list for PBXProject "LoginPage" */ = {
			isa = XCConfigurationList;
			buildConfigurations = (
				DBE2FC9B29ED648000F62227 /* Debug */,
				DBE2FC9C29ED648000F62227 /* Release */,
			);
			defaultConfigurationIsVisible = 0;
			defaultConfigurationName = Release;
		};
		DBE2FC9D29ED648000F62227 /* Build configuration list for PBXNativeTarget "LoginPage" */ = {
			isa = XCConfigurationList;
			buildConfigurations = (
				DBE2FC9E29ED648000F62227 /* Debug */,
				DBE2FC9F29ED648000F62227 /* Release */,
			);
			defaultConfigurationIsVisible = 0;
			defaultConfigurationName = Release;
		};
		DBE2FCA029ED648000F62227 /* Build configuration list for PBXNativeTarget "LoginPageTests" */ = {
			isa = XCConfigurationList;
			buildConfigurations = (
				DBE2FCA129ED648000F62227 /* Debug */,
				DBE2FCA229ED648000F62227 /* Release */,
			);
			defaultConfigurationIsVisible = 0;
			defaultConfigurationName = Release;
		};
		DBE2FCA329ED648000F62227 /* Build configuration list for PBXNativeTarget "LoginPageUITests" */ = {
			isa = XCConfigurationList;
			buildConfigurations = (
				DBE2FCA429ED648000F62227 /* Debug */,
				DBE2FCA529ED648000F62227 /* Release */,
			);
			defaultConfigurationIsVisible = 0;
			defaultConfigurationName = Release;
		};
/* End XCConfigurationList section */
	};
	rootObject = DBE2FC6B29ED647F00F62227 /* Project object */;
}
